// !$*UTF8*$!
{
	archiveVersion = 1;
	classes = {
	};
	objectVersion = 46;
	objects = {

/* Begin PBXBuildFile section */
		3940A89E1C81E64C001AD0E8 /* GlobalConst.m in Sources */ = {isa = PBXBuildFile; fileRef = 3940A8891C81E64C001AD0E8 /* GlobalConst.m */; };
		3940A89F1C81E64C001AD0E8 /* UIView+Frame.m in Sources */ = {isa = PBXBuildFile; fileRef = 3940A88B1C81E64C001AD0E8 /* UIView+Frame.m */; };
		3940A8A01C81E64C001AD0E8 /* YLQTopWindow.m in Sources */ = {isa = PBXBuildFile; fileRef = 3940A88D1C81E64C001AD0E8 /* YLQTopWindow.m */; };
		3940A8A11C81E64C001AD0E8 /* FirstViewController.m in Sources */ = {isa = PBXBuildFile; fileRef = 3940A8901C81E64C001AD0E8 /* FirstViewController.m */; };
		3940A8A21C81E64C001AD0E8 /* SecondTableViewController.m in Sources */ = {isa = PBXBuildFile; fileRef = 3940A8921C81E64C001AD0E8 /* SecondTableViewController.m */; };
		3940A8A31C81E64C001AD0E8 /* TabBarViewController.m in Sources */ = {isa = PBXBuildFile; fileRef = 3940A8941C81E64C001AD0E8 /* TabBarViewController.m */; };
		3940A8A41C81E64C001AD0E8 /* ThirdTableViewController.m in Sources */ = {isa = PBXBuildFile; fileRef = 3940A8961C81E64C001AD0E8 /* ThirdTableViewController.m */; };
		3940A8A51C81E64C001AD0E8 /* SubFirstTableViewController.m in Sources */ = {isa = PBXBuildFile; fileRef = 3940A8991C81E64C001AD0E8 /* SubFirstTableViewController.m */; };
		3940A8A61C81E64C001AD0E8 /* SubSecondTableViewController.m in Sources */ = {isa = PBXBuildFile; fileRef = 3940A89B1C81E64C001AD0E8 /* SubSecondTableViewController.m */; };
		3940A8A71C81E64C001AD0E8 /* SubThirdTableViewController.m in Sources */ = {isa = PBXBuildFile; fileRef = 3940A89D1C81E64C001AD0E8 /* SubThirdTableViewController.m */; };
		39CDF03D1C80A6AB00B923FF /* main.m in Sources */ = {isa = PBXBuildFile; fileRef = 39CDF03C1C80A6AB00B923FF /* main.m */; };
		39CDF0401C80A6AB00B923FF /* AppDelegate.m in Sources */ = {isa = PBXBuildFile; fileRef = 39CDF03F1C80A6AB00B923FF /* AppDelegate.m */; };
		39CDF0461C80A6AB00B923FF /* Main.storyboard in Resources */ = {isa = PBXBuildFile; fileRef = 39CDF0441C80A6AB00B923FF /* Main.storyboard */; };
		39CDF0481C80A6AB00B923FF /* Assets.xcassets in Resources */ = {isa = PBXBuildFile; fileRef = 39CDF0471C80A6AB00B923FF /* Assets.xcassets */; };
		39CDF04B1C80A6AB00B923FF /* LaunchScreen.storyboard in Resources */ = {isa = PBXBuildFile; fileRef = 39CDF0491C80A6AB00B923FF /* LaunchScreen.storyboard */; };
		39CDF0561C80A6AB00B923FF /* _______ScrollView___Tests.m in Sources */ = {isa = PBXBuildFile; fileRef = 39CDF0551C80A6AB00B923FF /* _______ScrollView___Tests.m */; };
		39CDF0611C80A6AB00B923FF /* _______ScrollView___UITests.m in Sources */ = {isa = PBXBuildFile; fileRef = 39CDF0601C80A6AB00B923FF /* _______ScrollView___UITests.m */; };
/* End PBXBuildFile section */

/* Begin PBXContainerItemProxy section */
		39CDF0521C80A6AB00B923FF /* PBXContainerItemProxy */ = {
			isa = PBXContainerItemProxy;
			containerPortal = 39CDF0301C80A6AB00B923FF /* Project object */;
			proxyType = 1;
			remoteGlobalIDString = 39CDF0371C80A6AB00B923FF;
			remoteInfo = "点击状态栏当前ScrollView到顶部";
		};
		39CDF05D1C80A6AB00B923FF /* PBXContainerItemProxy */ = {
			isa = PBXContainerItemProxy;
			containerPortal = 39CDF0301C80A6AB00B923FF /* Project object */;
			proxyType = 1;
			remoteGlobalIDString = 39CDF0371C80A6AB00B923FF;
			remoteInfo = "点击状态栏当前ScrollView到顶部";
		};
/* End PBXContainerItemProxy section */

/* Begin PBXFileReference section */
		3940A87F1C81DB7E001AD0E8 /* PrefixHeader.pch */ = {isa = PBXFileReference; lastKnownFileType = sourcecode.c.h; path = PrefixHeader.pch; sourceTree = "<group>"; };
		3940A8881C81E64C001AD0E8 /* GlobalConst.h */ = {isa = PBXFileReference; fileEncoding = 4; lastKnownFileType = sourcecode.c.h; path = GlobalConst.h; sourceTree = "<group>"; };
		3940A8891C81E64C001AD0E8 /* GlobalConst.m */ = {isa = PBXFileReference; fileEncoding = 4; lastKnownFileType = sourcecode.c.objc; path = GlobalConst.m; sourceTree = "<group>"; };
		3940A88A1C81E64C001AD0E8 /* UIView+Frame.h */ = {isa = PBXFileReference; fileEncoding = 4; lastKnownFileType = sourcecode.c.h; path = "UIView+Frame.h"; sourceTree = "<group>"; };
		3940A88B1C81E64C001AD0E8 /* UIView+Frame.m */ = {isa = PBXFileReference; fileEncoding = 4; lastKnownFileType = sourcecode.c.objc; path = "UIView+Frame.m"; sourceTree = "<group>"; };
		3940A88C1C81E64C001AD0E8 /* YLQTopWindow.h */ = {isa = PBXFileReference; fileEncoding = 4; lastKnownFileType = sourcecode.c.h; path = YLQTopWindow.h; sourceTree = "<group>"; };
		3940A88D1C81E64C001AD0E8 /* YLQTopWindow.m */ = {isa = PBXFileReference; fileEncoding = 4; lastKnownFileType = sourcecode.c.objc; path = YLQTopWindow.m; sourceTree = "<group>"; };
		3940A88F1C81E64C001AD0E8 /* FirstViewController.h */ = {isa = PBXFileReference; fileEncoding = 4; lastKnownFileType = sourcecode.c.h; path = FirstViewController.h; sourceTree = "<group>"; };
		3940A8901C81E64C001AD0E8 /* FirstViewController.m */ = {isa = PBXFileReference; fileEncoding = 4; lastKnownFileType = sourcecode.c.objc; path = FirstViewController.m; sourceTree = "<group>"; };
		3940A8911C81E64C001AD0E8 /* SecondTableViewController.h */ = {isa = PBXFileReference; fileEncoding = 4; lastKnownFileType = sourcecode.c.h; path = SecondTableViewController.h; sourceTree = "<group>"; };
		3940A8921C81E64C001AD0E8 /* SecondTableViewController.m */ = {isa = PBXFileReference; fileEncoding = 4; lastKnownFileType = sourcecode.c.objc; path = SecondTableViewController.m; sourceTree = "<group>"; };
		3940A8931C81E64C001AD0E8 /* TabBarViewController.h */ = {isa = PBXFileReference; fileEncoding = 4; lastKnownFileType = sourcecode.c.h; path = TabBarViewController.h; sourceTree = "<group>"; };
		3940A8941C81E64C001AD0E8 /* TabBarViewController.m */ = {isa = PBXFileReference; fileEncoding = 4; lastKnownFileType = sourcecode.c.objc; path = TabBarViewController.m; sourceTree = "<group>"; };
		3940A8951C81E64C001AD0E8 /* ThirdTableViewController.h */ = {isa = PBXFileReference; fileEncoding = 4; lastKnownFileType = sourcecode.c.h; path = ThirdTableViewController.h; sourceTree = "<group>"; };
		3940A8961C81E64C001AD0E8 /* ThirdTableViewController.m */ = {isa = PBXFileReference; fileEncoding = 4; lastKnownFileType = sourcecode.c.objc; path = ThirdTableViewController.m; sourceTree = "<group>"; };
		3940A8981C81E64C001AD0E8 /* SubFirstTableViewController.h */ = {isa = PBXFileReference; fileEncoding = 4; lastKnownFileType = sourcecode.c.h; path = SubFirstTableViewController.h; sourceTree = "<group>"; };
		3940A8991C81E64C001AD0E8 /* SubFirstTableViewController.m */ = {isa = PBXFileReference; fileEncoding = 4; lastKnownFileType = sourcecode.c.objc; path = SubFirstTableViewController.m; sourceTree = "<group>"; };
		3940A89A1C81E64C001AD0E8 /* SubSecondTableViewController.h */ = {isa = PBXFileReference; fileEncoding = 4; lastKnownFileType = sourcecode.c.h; path = SubSecondTableViewController.h; sourceTree = "<group>"; };
		3940A89B1C81E64C001AD0E8 /* SubSecondTableViewController.m */ = {isa = PBXFileReference; fileEncoding = 4; lastKnownFileType = sourcecode.c.objc; path = SubSecondTableViewController.m; sourceTree = "<group>"; };
		3940A89C1C81E64C001AD0E8 /* SubThirdTableViewController.h */ = {isa = PBXFileReference; fileEncoding = 4; lastKnownFileType = sourcecode.c.h; path = SubThirdTableViewController.h; sourceTree = "<group>"; };
		3940A89D1C81E64C001AD0E8 /* SubThirdTableViewController.m */ = {isa = PBXFileReference; fileEncoding = 4; lastKnownFileType = sourcecode.c.objc; path = SubThirdTableViewController.m; sourceTree = "<group>"; };
		39CDF0381C80A6AB00B923FF /* 点击状态栏当前ScrollView到顶部.app */ = {isa = PBXFileReference; explicitFileType = wrapper.application; includeInIndex = 0; path = "点击状态栏当前ScrollView到顶部.app"; sourceTree = BUILT_PRODUCTS_DIR; };
		39CDF03C1C80A6AB00B923FF /* main.m */ = {isa = PBXFileReference; lastKnownFileType = sourcecode.c.objc; path = main.m; sourceTree = "<group>"; };
		39CDF03E1C80A6AB00B923FF /* AppDelegate.h */ = {isa = PBXFileReference; lastKnownFileType = sourcecode.c.h; path = AppDelegate.h; sourceTree = "<group>"; };
		39CDF03F1C80A6AB00B923FF /* AppDelegate.m */ = {isa = PBXFileReference; lastKnownFileType = sourcecode.c.objc; path = AppDelegate.m; sourceTree = "<group>"; };
		39CDF0451C80A6AB00B923FF /* Base */ = {isa = PBXFileReference; lastKnownFileType = file.storyboard; name = Base; path = Base.lproj/Main.storyboard; sourceTree = "<group>"; };
		39CDF0471C80A6AB00B923FF /* Assets.xcassets */ = {isa = PBXFileReference; lastKnownFileType = folder.assetcatalog; path = Assets.xcassets; sourceTree = "<group>"; };
		39CDF04A1C80A6AB00B923FF /* Base */ = {isa = PBXFileReference; lastKnownFileType = file.storyboard; name = Base; path = Base.lproj/LaunchScreen.storyboard; sourceTree = "<group>"; };
		39CDF04C1C80A6AB00B923FF /* Info.plist */ = {isa = PBXFileReference; lastKnownFileType = text.plist.xml; path = Info.plist; sourceTree = "<group>"; };
		39CDF0511C80A6AB00B923FF /* 点击状态栏当前ScrollView到顶部Tests.xctest */ = {isa = PBXFileReference; explicitFileType = wrapper.cfbundle; includeInIndex = 0; path = "点击状态栏当前ScrollView到顶部Tests.xctest"; sourceTree = BUILT_PRODUCTS_DIR; };
		39CDF0551C80A6AB00B923FF /* _______ScrollView___Tests.m */ = {isa = PBXFileReference; lastKnownFileType = sourcecode.c.objc; path = "_______ScrollView___Tests.m"; sourceTree = "<group>"; };
		39CDF0571C80A6AB00B923FF /* Info.plist */ = {isa = PBXFileReference; lastKnownFileType = text.plist.xml; path = Info.plist; sourceTree = "<group>"; };
		39CDF05C1C80A6AB00B923FF /* 点击状态栏当前ScrollView到顶部UITests.xctest */ = {isa = PBXFileReference; explicitFileType = wrapper.cfbundle; includeInIndex = 0; path = "点击状态栏当前ScrollView到顶部UITests.xctest"; sourceTree = BUILT_PRODUCTS_DIR; };
		39CDF0601C80A6AB00B923FF /* _______ScrollView___UITests.m */ = {isa = PBXFileReference; lastKnownFileType = sourcecode.c.objc; path = "_______ScrollView___UITests.m"; sourceTree = "<group>"; };
		39CDF0621C80A6AB00B923FF /* Info.plist */ = {isa = PBXFileReference; lastKnownFileType = text.plist.xml; path = Info.plist; sourceTree = "<group>"; };
/* End PBXFileReference section */

/* Begin PBXFrameworksBuildPhase section */
		39CDF0351C80A6AB00B923FF /* Frameworks */ = {
			isa = PBXFrameworksBuildPhase;
			buildActionMask = 2147483647;
			files = (
			);
			runOnlyForDeploymentPostprocessing = 0;
		};
		39CDF04E1C80A6AB00B923FF /* Frameworks */ = {
			isa = PBXFrameworksBuildPhase;
			buildActionMask = 2147483647;
			files = (
			);
			runOnlyForDeploymentPostprocessing = 0;
		};
		39CDF0591C80A6AB00B923FF /* Frameworks */ = {
			isa = PBXFrameworksBuildPhase;
			buildActionMask = 2147483647;
			files = (
			);
			runOnlyForDeploymentPostprocessing = 0;
		};
/* End PBXFrameworksBuildPhase section */

/* Begin PBXGroup section */
		3940A8861C81E64C001AD0E8 /* Classes */ = {
			isa = PBXGroup;
			children = (
				3940A8871C81E64C001AD0E8 /* Category */,
				3940A88E1C81E64C001AD0E8 /* MainView */,
				3940A8971C81E64C001AD0E8 /* SubView */,
			);
			path = Classes;
			sourceTree = "<group>";
		};
		3940A8871C81E64C001AD0E8 /* Category */ = {
			isa = PBXGroup;
			children = (
				3940A8881C81E64C001AD0E8 /* GlobalConst.h */,
				3940A8891C81E64C001AD0E8 /* GlobalConst.m */,
				3940A88A1C81E64C001AD0E8 /* UIView+Frame.h */,
				3940A88B1C81E64C001AD0E8 /* UIView+Frame.m */,
				3940A88C1C81E64C001AD0E8 /* YLQTopWindow.h */,
				3940A88D1C81E64C001AD0E8 /* YLQTopWindow.m */,
			);
			path = Category;
			sourceTree = "<group>";
		};
		3940A88E1C81E64C001AD0E8 /* MainView */ = {
			isa = PBXGroup;
			children = (
				3940A88F1C81E64C001AD0E8 /* FirstViewController.h */,
				3940A8901C81E64C001AD0E8 /* FirstViewController.m */,
				3940A8911C81E64C001AD0E8 /* SecondTableViewController.h */,
				3940A8921C81E64C001AD0E8 /* SecondTableViewController.m */,
				3940A8931C81E64C001AD0E8 /* TabBarViewController.h */,
				3940A8941C81E64C001AD0E8 /* TabBarViewController.m */,
				3940A8951C81E64C001AD0E8 /* ThirdTableViewController.h */,
				3940A8961C81E64C001AD0E8 /* ThirdTableViewController.m */,
			);
			path = MainView;
			sourceTree = "<group>";
		};
		3940A8971C81E64C001AD0E8 /* SubView */ = {
			isa = PBXGroup;
			children = (
				3940A8981C81E64C001AD0E8 /* SubFirstTableViewController.h */,
				3940A8991C81E64C001AD0E8 /* SubFirstTableViewController.m */,
				3940A89A1C81E64C001AD0E8 /* SubSecondTableViewController.h */,
				3940A89B1C81E64C001AD0E8 /* SubSecondTableViewController.m */,
				3940A89C1C81E64C001AD0E8 /* SubThirdTableViewController.h */,
				3940A89D1C81E64C001AD0E8 /* SubThirdTableViewController.m */,
			);
			path = SubView;
			sourceTree = "<group>";
		};
		39CDF02F1C80A6AB00B923FF = {
			isa = PBXGroup;
			children = (
				39CDF03A1C80A6AB00B923FF /* 点击状态栏当前ScrollView到顶部 */,
				39CDF0541C80A6AB00B923FF /* 点击状态栏当前ScrollView到顶部Tests */,
				39CDF05F1C80A6AB00B923FF /* 点击状态栏当前ScrollView到顶部UITests */,
				39CDF0391C80A6AB00B923FF /* Products */,
			);
			sourceTree = "<group>";
		};
		39CDF0391C80A6AB00B923FF /* Products */ = {
			isa = PBXGroup;
			children = (
				39CDF0381C80A6AB00B923FF /* 点击状态栏当前ScrollView到顶部.app */,
				39CDF0511C80A6AB00B923FF /* 点击状态栏当前ScrollView到顶部Tests.xctest */,
				39CDF05C1C80A6AB00B923FF /* 点击状态栏当前ScrollView到顶部UITests.xctest */,
			);
			name = Products;
			sourceTree = "<group>";
		};
		39CDF03A1C80A6AB00B923FF /* 点击状态栏当前ScrollView到顶部 */ = {
			isa = PBXGroup;
			children = (
				3940A8861C81E64C001AD0E8 /* Classes */,
				39CDF03E1C80A6AB00B923FF /* AppDelegate.h */,
				39CDF03F1C80A6AB00B923FF /* AppDelegate.m */,
				39CDF0441C80A6AB00B923FF /* Main.storyboard */,
				39CDF0471C80A6AB00B923FF /* Assets.xcassets */,
				39CDF0491C80A6AB00B923FF /* LaunchScreen.storyboard */,
				3940A87F1C81DB7E001AD0E8 /* PrefixHeader.pch */,
				39CDF04C1C80A6AB00B923FF /* Info.plist */,
				39CDF03B1C80A6AB00B923FF /* Supporting Files */,
			);
			path = "点击状态栏当前ScrollView到顶部";
			sourceTree = "<group>";
		};
		39CDF03B1C80A6AB00B923FF /* Supporting Files */ = {
			isa = PBXGroup;
			children = (
				39CDF03C1C80A6AB00B923FF /* main.m */,
			);
			name = "Supporting Files";
			sourceTree = "<group>";
		};
		39CDF0541C80A6AB00B923FF /* 点击状态栏当前ScrollView到顶部Tests */ = {
			isa = PBXGroup;
			children = (
				39CDF0551C80A6AB00B923FF /* _______ScrollView___Tests.m */,
				39CDF0571C80A6AB00B923FF /* Info.plist */,
			);
			path = "点击状态栏当前ScrollView到顶部Tests";
			sourceTree = "<group>";
		};
		39CDF05F1C80A6AB00B923FF /* 点击状态栏当前ScrollView到顶部UITests */ = {
			isa = PBXGroup;
			children = (
				39CDF0601C80A6AB00B923FF /* _______ScrollView___UITests.m */,
				39CDF0621C80A6AB00B923FF /* Info.plist */,
			);
			path = "点击状态栏当前ScrollView到顶部UITests";
			sourceTree = "<group>";
		};
/* End PBXGroup section */

/* Begin PBXNativeTarget section */
		39CDF0371C80A6AB00B923FF /* 点击状态栏当前ScrollView到顶部 */ = {
			isa = PBXNativeTarget;
			buildConfigurationList = 39CDF0651C80A6AB00B923FF /* Build configuration list for PBXNativeTarget "点击状态栏当前ScrollView到顶部" */;
			buildPhases = (
				39CDF0341C80A6AB00B923FF /* Sources */,
				39CDF0351C80A6AB00B923FF /* Frameworks */,
				39CDF0361C80A6AB00B923FF /* Resources */,
			);
			buildRules = (
			);
			dependencies = (
			);
			name = "点击状态栏当前ScrollView到顶部";
			productName = "点击状态栏当前ScrollView到顶部";
			productReference = 39CDF0381C80A6AB00B923FF /* 点击状态栏当前ScrollView到顶部.app */;
			productType = "com.apple.product-type.application";
		};
		39CDF0501C80A6AB00B923FF /* 点击状态栏当前ScrollView到顶部Tests */ = {
			isa = PBXNativeTarget;
			buildConfigurationList = 39CDF0681C80A6AB00B923FF /* Build configuration list for PBXNativeTarget "点击状态栏当前ScrollView到顶部Tests" */;
			buildPhases = (
				39CDF04D1C80A6AB00B923FF /* Sources */,
				39CDF04E1C80A6AB00B923FF /* Frameworks */,
				39CDF04F1C80A6AB00B923FF /* Resources */,
			);
			buildRules = (
			);
			dependencies = (
				39CDF0531C80A6AB00B923FF /* PBXTargetDependency */,
			);
			name = "点击状态栏当前ScrollView到顶部Tests";
			productName = "点击状态栏当前ScrollView到顶部Tests";
			productReference = 39CDF0511C80A6AB00B923FF /* 点击状态栏当前ScrollView到顶部Tests.xctest */;
			productType = "com.apple.product-type.bundle.unit-test";
		};
		39CDF05B1C80A6AB00B923FF /* 点击状态栏当前ScrollView到顶部UITests */ = {
			isa = PBXNativeTarget;
			buildConfigurationList = 39CDF06B1C80A6AB00B923FF /* Build configuration list for PBXNativeTarget "点击状态栏当前ScrollView到顶部UITests" */;
			buildPhases = (
				39CDF0581C80A6AB00B923FF /* Sources */,
				39CDF0591C80A6AB00B923FF /* Frameworks */,
				39CDF05A1C80A6AB00B923FF /* Resources */,
			);
			buildRules = (
			);
			dependencies = (
				39CDF05E1C80A6AB00B923FF /* PBXTargetDependency */,
			);
			name = "点击状态栏当前ScrollView到顶部UITests";
			productName = "点击状态栏当前ScrollView到顶部UITests";
			productReference = 39CDF05C1C80A6AB00B923FF /* 点击状态栏当前ScrollView到顶部UITests.xctest */;
			productType = "com.apple.product-type.bundle.ui-testing";
		};
/* End PBXNativeTarget section */

/* Begin PBXProject section */
		39CDF0301C80A6AB00B923FF /* Project object */ = {
			isa = PBXProject;
			attributes = {
				LastUpgradeCheck = 0720;
				ORGANIZATIONNAME = "杨卢青";
				TargetAttributes = {
					39CDF0371C80A6AB00B923FF = {
						CreatedOnToolsVersion = 7.2.1;
						DevelopmentTeam = SPXQYPSCZ5;
					};
					39CDF0501C80A6AB00B923FF = {
						CreatedOnToolsVersion = 7.2.1;
						DevelopmentTeam = SPXQYPSCZ5;
						TestTargetID = 39CDF0371C80A6AB00B923FF;
					};
					39CDF05B1C80A6AB00B923FF = {
						CreatedOnToolsVersion = 7.2.1;
						DevelopmentTeam = SPXQYPSCZ5;
						TestTargetID = 39CDF0371C80A6AB00B923FF;
					};
				};
			};
			buildConfigurationList = 39CDF0331C80A6AB00B923FF /* Build configuration list for PBXProject "点击状态栏当前ScrollView到顶部" */;
			compatibilityVersion = "Xcode 3.2";
			developmentRegion = English;
			hasScannedForEncodings = 0;
			knownRegions = (
				en,
				Base,
			);
			mainGroup = 39CDF02F1C80A6AB00B923FF;
			productRefGroup = 39CDF0391C80A6AB00B923FF /* Products */;
			projectDirPath = "";
			projectRoot = "";
			targets = (
				39CDF0371C80A6AB00B923FF /* 点击状态栏当前ScrollView到顶部 */,
				39CDF0501C80A6AB00B923FF /* 点击状态栏当前ScrollView到顶部Tests */,
				39CDF05B1C80A6AB00B923FF /* 点击状态栏当前ScrollView到顶部UITests */,
			);
		};
/* End PBXProject section */

/* Begin PBXResourcesBuildPhase section */
		39CDF0361C80A6AB00B923FF /* Resources */ = {
			isa = PBXResourcesBuildPhase;
			buildActionMask = 2147483647;
			files = (
				39CDF04B1C80A6AB00B923FF /* LaunchScreen.storyboard in Resources */,
				39CDF0481C80A6AB00B923FF /* Assets.xcassets in Resources */,
				39CDF0461C80A6AB00B923FF /* Main.storyboard in Resources */,
			);
			runOnlyForDeploymentPostprocessing = 0;
		};
		39CDF04F1C80A6AB00B923FF /* Resources */ = {
			isa = PBXResourcesBuildPhase;
			buildActionMask = 2147483647;
			files = (
			);
			runOnlyForDeploymentPostprocessing = 0;
		};
		39CDF05A1C80A6AB00B923FF /* Resources */ = {
			isa = PBXResourcesBuildPhase;
			buildActionMask = 2147483647;
			files = (
			);
			runOnlyForDeploymentPostprocessing = 0;
		};
/* End PBXResourcesBuildPhase section */

/* Begin PBXSourcesBuildPhase section */
		39CDF0341C80A6AB00B923FF /* Sources */ = {
			isa = PBXSourcesBuildPhase;
			buildActionMask = 2147483647;
			files = (
				3940A8A01C81E64C001AD0E8 /* YLQTopWindow.m in Sources */,
				3940A8A21C81E64C001AD0E8 /* SecondTableViewController.m in Sources */,
				3940A8A61C81E64C001AD0E8 /* SubSecondTableViewController.m in Sources */,
				3940A89E1C81E64C001AD0E8 /* GlobalConst.m in Sources */,
				3940A8A51C81E64C001AD0E8 /* SubFirstTableViewController.m in Sources */,
				3940A8A11C81E64C001AD0E8 /* FirstViewController.m in Sources */,
				39CDF0401C80A6AB00B923FF /* AppDelegate.m in Sources */,
				39CDF03D1C80A6AB00B923FF /* main.m in Sources */,
				3940A89F1C81E64C001AD0E8 /* UIView+Frame.m in Sources */,
				3940A8A41C81E64C001AD0E8 /* ThirdTableViewController.m in Sources */,
				3940A8A71C81E64C001AD0E8 /* SubThirdTableViewController.m in Sources */,
				3940A8A31C81E64C001AD0E8 /* TabBarViewController.m in Sources */,
			);
			runOnlyForDeploymentPostprocessing = 0;
		};
		39CDF04D1C80A6AB00B923FF /* Sources */ = {
			isa = PBXSourcesBuildPhase;
			buildActionMask = 2147483647;
			files = (
				39CDF0561C80A6AB00B923FF /* _______ScrollView___Tests.m in Sources */,
			);
			runOnlyForDeploymentPostprocessing = 0;
		};
		39CDF0581C80A6AB00B923FF /* Sources */ = {
			isa = PBXSourcesBuildPhase;
			buildActionMask = 2147483647;
			files = (
				39CDF0611C80A6AB00B923FF /* _______ScrollView___UITests.m in Sources */,
			);
			runOnlyForDeploymentPostprocessing = 0;
		};
/* End PBXSourcesBuildPhase section */

/* Begin PBXTargetDependency section */
		39CDF0531C80A6AB00B923FF /* PBXTargetDependency */ = {
			isa = PBXTargetDependency;
			target = 39CDF0371C80A6AB00B923FF /* 点击状态栏当前ScrollView到顶部 */;
			targetProxy = 39CDF0521C80A6AB00B923FF /* PBXContainerItemProxy */;
		};
		39CDF05E1C80A6AB00B923FF /* PBXTargetDependency */ = {
			isa = PBXTargetDependency;
			target = 39CDF0371C80A6AB00B923FF /* 点击状态栏当前ScrollView到顶部 */;
			targetProxy = 39CDF05D1C80A6AB00B923FF /* PBXContainerItemProxy */;
		};
/* End PBXTargetDependency section */

/* Begin PBXVariantGroup section */
		39CDF0441C80A6AB00B923FF /* Main.storyboard */ = {
			isa = PBXVariantGroup;
			children = (
				39CDF0451C80A6AB00B923FF /* Base */,
			);
			name = Main.storyboard;
			sourceTree = "<group>";
		};
		39CDF0491C80A6AB00B923FF /* LaunchScreen.storyboard */ = {
			isa = PBXVariantGroup;
			children = (
				39CDF04A1C80A6AB00B923FF /* Base */,
			);
			name = LaunchScreen.storyboard;
			sourceTree = "<group>";
		};
/* End PBXVariantGroup section */

/* Begin XCBuildConfiguration section */
		39CDF0631C80A6AB00B923FF /* Debug */ = {
			isa = XCBuildConfiguration;
			buildSettings = {
				ALWAYS_SEARCH_USER_PATHS = NO;
				CLANG_CXX_LANGUAGE_STANDARD = "gnu++0x";
				CLANG_CXX_LIBRARY = "libc++";
				CLANG_ENABLE_MODULES = YES;
				CLANG_ENABLE_OBJC_ARC = YES;
				CLANG_WARN_BOOL_CONVERSION = YES;
				CLANG_WARN_CONSTANT_CONVERSION = YES;
				CLANG_WARN_DIRECT_OBJC_ISA_USAGE = YES_ERROR;
				CLANG_WARN_EMPTY_BODY = YES;
				CLANG_WARN_ENUM_CONVERSION = YES;
				CLANG_WARN_INT_CONVERSION = YES;
				CLANG_WARN_OBJC_ROOT_CLASS = YES_ERROR;
				CLANG_WARN_UNREACHABLE_CODE = YES;
				CLANG_WARN__DUPLICATE_METHOD_MATCH = YES;
				"CODE_SIGN_IDENTITY[sdk=iphoneos*]" = "iPhone Developer";
				COPY_PHASE_STRIP = NO;
				DEBUG_INFORMATION_FORMAT = dwarf;
				ENABLE_STRICT_OBJC_MSGSEND = YES;
				ENABLE_TESTABILITY = YES;
				GCC_C_LANGUAGE_STANDARD = gnu99;
				GCC_DYNAMIC_NO_PIC = NO;
				GCC_NO_COMMON_BLOCKS = YES;
				GCC_OPTIMIZATION_LEVEL = 0;
				GCC_PREPROCESSOR_DEFINITIONS = (
					"DEBUG=1",
					"$(inherited)",
				);
				GCC_WARN_64_TO_32_BIT_CONVERSION = YES;
				GCC_WARN_ABOUT_RETURN_TYPE = YES_ERROR;
				GCC_WARN_UNDECLARED_SELECTOR = YES;
				GCC_WARN_UNINITIALIZED_AUTOS = YES_AGGRESSIVE;
				GCC_WARN_UNUSED_FUNCTION = YES;
				GCC_WARN_UNUSED_VARIABLE = YES;
				IPHONEOS_DEPLOYMENT_TARGET = 9.2;
				MTL_ENABLE_DEBUG_INFO = YES;
				ONLY_ACTIVE_ARCH = YES;
				SDKROOT = iphoneos;
			};
			name = Debug;
		};
		39CDF0641C80A6AB00B923FF /* Release */ = {
			isa = XCBuildConfiguration;
			buildSettings = {
				ALWAYS_SEARCH_USER_PATHS = NO;
				CLANG_CXX_LANGUAGE_STANDARD = "gnu++0x";
				CLANG_CXX_LIBRARY = "libc++";
				CLANG_ENABLE_MODULES = YES;
				CLANG_ENABLE_OBJC_ARC = YES;
				CLANG_WARN_BOOL_CONVERSION = YES;
				CLANG_WARN_CONSTANT_CONVERSION = YES;
				CLANG_WARN_DIRECT_OBJC_ISA_USAGE = YES_ERROR;
				CLANG_WARN_EMPTY_BODY = YES;
				CLANG_WARN_ENUM_CONVERSION = YES;
				CLANG_WARN_INT_CONVERSION = YES;
				CLANG_WARN_OBJC_ROOT_CLASS = YES_ERROR;
				CLANG_WARN_UNREACHABLE_CODE = YES;
				CLANG_WARN__DUPLICATE_METHOD_MATCH = YES;
				"CODE_SIGN_IDENTITY[sdk=iphoneos*]" = "iPhone Developer";
				COPY_PHASE_STRIP = NO;
				DEBUG_INFORMATION_FORMAT = "dwarf-with-dsym";
				ENABLE_NS_ASSERTIONS = NO;
				ENABLE_STRICT_OBJC_MSGSEND = YES;
				GCC_C_LANGUAGE_STANDARD = gnu99;
				GCC_NO_COMMON_BLOCKS = YES;
				GCC_WARN_64_TO_32_BIT_CONVERSION = YES;
				GCC_WARN_ABOUT_RETURN_TYPE = YES_ERROR;
				GCC_WARN_UNDECLARED_SELECTOR = YES;
				GCC_WARN_UNINITIALIZED_AUTOS = YES_AGGRESSIVE;
				GCC_WARN_UNUSED_FUNCTION = YES;
				GCC_WARN_UNUSED_VARIABLE = YES;
				IPHONEOS_DEPLOYMENT_TARGET = 9.2;
				MTL_ENABLE_DEBUG_INFO = NO;
				SDKROOT = iphoneos;
				VALIDATE_PRODUCT = YES;
			};
			name = Release;
		};
		39CDF0661C80A6AB00B923FF /* Debug */ = {
			isa = XCBuildConfiguration;
			buildSettings = {
				ASSETCATALOG_COMPILER_APPICON_NAME = AppIcon;
				GCC_PREFIX_HEADER = "/Users/YLQ/Desktop/Objective-C/点击状态栏当前ScrollView到顶部/点击状态栏当前ScrollView到顶部/PrefixHeader.pch";
				INFOPLIST_FILE = "点击状态栏当前ScrollView到顶部/Info.plist";
				LD_RUNPATH_SEARCH_PATHS = "$(inherited) @executable_path/Frameworks";
				PRODUCT_BUNDLE_IDENTIFIER = "n.-------ScrollView---";
				PRODUCT_NAME = "$(TARGET_NAME)";
			};
			name = Debug;
		};
		39CDF0671C80A6AB00B923FF /* Release */ = {
			isa = XCBuildConfiguration;
			buildSettings = {
				ASSETCATALOG_COMPILER_APPICON_NAME = AppIcon;
				GCC_PREFIX_HEADER = "/Users/YLQ/Desktop/Objective-C/点击状态栏当前ScrollView到顶部/点击状态栏当前ScrollView到顶部/PrefixHeader.pch";
				INFOPLIST_FILE = "点击状态栏当前ScrollView到顶部/Info.plist";
				LD_RUNPATH_SEARCH_PATHS = "$(inherited) @executable_path/Frameworks";
				PRODUCT_BUNDLE_IDENTIFIER = "n.-------ScrollView---";
				PRODUCT_NAME = "$(TARGET_NAME)";
			};
			name = Release;
		};
		39CDF0691C80A6AB00B923FF /* Debug */ = {
			isa = XCBuildConfiguration;
			buildSettings = {
				BUNDLE_LOADER = "$(TEST_HOST)";
				INFOPLIST_FILE = "点击状态栏当前ScrollView到顶部Tests/Info.plist";
				LD_RUNPATH_SEARCH_PATHS = "$(inherited) @executable_path/Frameworks @loader_path/Frameworks";
				PRODUCT_BUNDLE_IDENTIFIER = "n.-------ScrollView---Tests";
				PRODUCT_NAME = "$(TARGET_NAME)";
				TEST_HOST = "$(BUILT_PRODUCTS_DIR)/点击状态栏当前ScrollView到顶部.app/点击状态栏当前ScrollView到顶部";
			};
			name = Debug;
		};
		39CDF06A1C80A6AB00B923FF /* Release */ = {
			isa = XCBuildConfiguration;
			buildSettings = {
				BUNDLE_LOADER = "$(TEST_HOST)";
				INFOPLIST_FILE = "点击状态栏当前ScrollView到顶部Tests/Info.plist";
				LD_RUNPATH_SEARCH_PATHS = "$(inherited) @executable_path/Frameworks @loader_path/Frameworks";
				PRODUCT_BUNDLE_IDENTIFIER = "n.-------ScrollView---Tests";
				PRODUCT_NAME = "$(TARGET_NAME)";
				TEST_HOST = "$(BUILT_PRODUCTS_DIR)/点击状态栏当前ScrollView到顶部.app/点击状态栏当前ScrollView到顶部";
			};
			name = Release;
		};
		39CDF06C1C80A6AB00B923FF /* Debug */ = {
			isa = XCBuildConfiguration;
			buildSettings = {
				INFOPLIST_FILE = "点击状态栏当前ScrollView到顶部UITests/Info.plist";
				LD_RUNPATH_SEARCH_PATHS = "$(inherited) @executable_path/Frameworks @loader_path/Frameworks";
				PRODUCT_BUNDLE_IDENTIFIER = "n.-------ScrollView---UITests";
				PRODUCT_NAME = "$(TARGET_NAME)";
				TEST_TARGET_NAME = "点击状态栏当前ScrollView到顶部";
				USES_XCTRUNNER = YES;
			};
			name = Debug;
		};
		39CDF06D1C80A6AB00B923FF /* Release */ = {
			isa = XCBuildConfiguration;
			buildSettings = {
				INFOPLIST_FILE = "点击状态栏当前ScrollView到顶部UITests/Info.plist";
				LD_RUNPATH_SEARCH_PATHS = "$(inherited) @executable_path/Frameworks @loader_path/Frameworks";
				PRODUCT_BUNDLE_IDENTIFIER = "n.-------ScrollView---UITests";
				PRODUCT_NAME = "$(TARGET_NAME)";
				TEST_TARGET_NAME = "点击状态栏当前ScrollView到顶部";
				USES_XCTRUNNER = YES;
			};
			name = Release;
		};
/* End XCBuildConfiguration section */

/* Begin XCConfigurationList section */
		39CDF0331C80A6AB00B923FF /* Build configuration list for PBXProject "点击状态栏当前ScrollView到顶部" */ = {
			isa = XCConfigurationList;
			buildConfigurations = (
				39CDF0631C80A6AB00B923FF /* Debug */,
				39CDF0641C80A6AB00B923FF /* Release */,
			);
			defaultConfigurationIsVisible = 0;
			defaultConfigurationName = Release;
		};
		39CDF0651C80A6AB00B923FF /* Build configuration list for PBXNativeTarget "点击状态栏当前ScrollView到顶部" */ = {
			isa = XCConfigurationList;
			buildConfigurations = (
				39CDF0661C80A6AB00B923FF /* Debug */,
				39CDF0671C80A6AB00B923FF /* Release */,
			);
			defaultConfigurationIsVisible = 0;
			defaultConfigurationName = Release;
		};
		39CDF0681C80A6AB00B923FF /* Build configuration list for PBXNativeTarget "点击状态栏当前ScrollView到顶部Tests" */ = {
			isa = XCConfigurationList;
			buildConfigurations = (
				39CDF0691C80A6AB00B923FF /* Debug */,
				39CDF06A1C80A6AB00B923FF /* Release */,
			);
			defaultConfigurationIsVisible = 0;
			defaultConfigurationName = Release;
		};
		39CDF06B1C80A6AB00B923FF /* Build configuration list for PBXNativeTarget "点击状态栏当前ScrollView到顶部UITests" */ = {
			isa = XCConfigurationList;
			buildConfigurations = (
				39CDF06C1C80A6AB00B923FF /* Debug */,
				39CDF06D1C80A6AB00B923FF /* Release */,
			);
			defaultConfigurationIsVisible = 0;
			defaultConfigurationName = Release;
		};
/* End XCConfigurationList section */
	};
	rootObject = 39CDF0301C80A6AB00B923FF /* Project object */;
}
